
Microsoft Visual Studio Solution File, Format Version 12.00
# Visual Studio Version 16
VisualStudioVersion = 16.0.31613.86
MinimumVisualStudioVersion = 10.0.40219.1
Project("{FAE04EC0-301F-11D3-BF4B-00C04F79EFBC}") = "TP_1_Labo2", "TP_1_Labo2\TP_1_Labo2.csproj", "{A8C989C2-AA43-42AA-9612-E1216CABFDBE}"
EndProject
Global
	GlobalSection(SolutionConfigurationPlatforms) = preSolution
		Debug|Any CPU = Debug|Any CPU
		Release|Any CPU = Release|Any CPU
	EndGlobalSection
	GlobalSection(ProjectConfigurationPlatforms) = postSolution
		{A8C989C2-AA43-42AA-9612-E1216CABFDBE}.Debug|Any CPU.ActiveCfg = Debug|Any CPU
		{A8C989C2-AA43-42AA-9612-E1216CABFDBE}.Debug|Any CPU.Build.0 = Debug|Any CPU
		{A8C989C2-AA43-42AA-9612-E1216CABFDBE}.Release|Any CPU.ActiveCfg = Release|Any CPU
		{A8C989C2-AA43-42AA-9612-E1216CABFDBE}.Release|Any CPU.Build.0 = Release|Any CPU
	EndGlobalSection
	GlobalSection(SolutionProperties) = preSolution
		HideSolutionNode = FALSE
	EndGlobalSection
	GlobalSection(ExtensibilityGlobals) = postSolution
		SolutionGuid = {29AF904A-9D0A-4F52-B8DF-6A9F6EAEE23F}
	EndGlobalSection
EndGlobal
